// !$*UTF8*$!
{
	archiveVersion = 1;
	classes = {
	};
	objectVersion = 46;
	objects = {

/* Begin PBXBuildFile section */
		0338382839BB08F967D980E2 /* Pods_carshareprojectfinal.framework in Frameworks */ = {isa = PBXBuildFile; fileRef = 6DBC4A5CBEAC38923D565949 /* Pods_carshareprojectfinal.framework */; };
		FB0E83F31E6AE51200C87024 /* doAPI.swift in Sources */ = {isa = PBXBuildFile; fileRef = FB0E83F21E6AE51100C87024 /* doAPI.swift */; };
		FB72EACB1E69C65A000B78B5 /* ChartViewController.swift in Sources */ = {isa = PBXBuildFile; fileRef = FB72EACA1E69C65A000B78B5 /* ChartViewController.swift */; };
		FB72EAD81E69C6E1000B78B5 /* PNBar.swift in Sources */ = {isa = PBXBuildFile; fileRef = FB72EACD1E69C6E1000B78B5 /* PNBar.swift */; };
		FB72EAD91E69C6E1000B78B5 /* PNBarChart.swift in Sources */ = {isa = PBXBuildFile; fileRef = FB72EACE1E69C6E1000B78B5 /* PNBarChart.swift */; };
		FB72EADA1E69C6E1000B78B5 /* PNChartLabel.swift in Sources */ = {isa = PBXBuildFile; fileRef = FB72EACF1E69C6E1000B78B5 /* PNChartLabel.swift */; };
		FB72EADB1E69C6E1000B78B5 /* PNColor.swift in Sources */ = {isa = PBXBuildFile; fileRef = FB72EAD01E69C6E1000B78B5 /* PNColor.swift */; };
		FB72EADC1E69C6E1000B78B5 /* PNPieChartDataItem.swift in Sources */ = {isa = PBXBuildFile; fileRef = FB72EAD11E69C6E1000B78B5 /* PNPieChartDataItem.swift */; };
		FB72EADD1E69C6E1000B78B5 /* PNGenericChart.swift in Sources */ = {isa = PBXBuildFile; fileRef = FB72EAD21E69C6E1000B78B5 /* PNGenericChart.swift */; };
		FB72EADE1E69C6E1000B78B5 /* PNLineChart.swift in Sources */ = {isa = PBXBuildFile; fileRef = FB72EAD31E69C6E1000B78B5 /* PNLineChart.swift */; };
		FB72EADF1E69C6E1000B78B5 /* PNLineChartData.swift in Sources */ = {isa = PBXBuildFile; fileRef = FB72EAD41E69C6E1000B78B5 /* PNLineChartData.swift */; };
		FB72EAE01E69C6E1000B78B5 /* PNLineChartDataItem.swift in Sources */ = {isa = PBXBuildFile; fileRef = FB72EAD51E69C6E1000B78B5 /* PNLineChartDataItem.swift */; };
		FB72EAE11E69C6E1000B78B5 /* PNPieChart.swift in Sources */ = {isa = PBXBuildFile; fileRef = FB72EAD61E69C6E1000B78B5 /* PNPieChart.swift */; };
		FB72EAE21E69C6E1000B78B5 /* PNValue.swift in Sources */ = {isa = PBXBuildFile; fileRef = FB72EAD71E69C6E1000B78B5 /* PNValue.swift */; };
		FB72EAE41E6A5082000B78B5 /* ExampleTableViewController.swift in Sources */ = {isa = PBXBuildFile; fileRef = FB72EAE31E6A5082000B78B5 /* ExampleTableViewController.swift */; };
		FB72EAE81E6A7FB2000B78B5 /* Button.swift in Sources */ = {isa = PBXBuildFile; fileRef = FB72EAE71E6A7FB2000B78B5 /* Button.swift */; };
		FBA093FF1E697D2600453078 /* Alamofire.framework in Frameworks */ = {isa = PBXBuildFile; fileRef = FBA093FD1E697D2600453078 /* Alamofire.framework */; };
		FBA094001E697D2600453078 /* Alamofire.framework in Embed Frameworks */ = {isa = PBXBuildFile; fileRef = FBA093FD1E697D2600453078 /* Alamofire.framework */; settings = {ATTRIBUTES = (CodeSignOnCopy, RemoveHeadersOnCopy, ); }; };
		FBA094011E697D2600453078 /* SwiftyJSON.framework in Frameworks */ = {isa = PBXBuildFile; fileRef = FBA093FE1E697D2600453078 /* SwiftyJSON.framework */; };
		FBA094021E697D2600453078 /* SwiftyJSON.framework in Embed Frameworks */ = {isa = PBXBuildFile; fileRef = FBA093FE1E697D2600453078 /* SwiftyJSON.framework */; settings = {ATTRIBUTES = (CodeSignOnCopy, RemoveHeadersOnCopy, ); }; };
		FBA094121E6980E700453078 /* Background.jpg in Resources */ = {isa = PBXBuildFile; fileRef = FBA094061E6980E700453078 /* Background.jpg */; };
		FBA094131E6980E700453078 /* burger.png in Resources */ = {isa = PBXBuildFile; fileRef = FBA094071E6980E700453078 /* burger.png */; };
		FBA094141E6980E700453078 /* burger@2x.png in Resources */ = {isa = PBXBuildFile; fileRef = FBA094081E6980E700453078 /* burger@2x.png */; };
		FBA094151E6980E700453078 /* click.gif in Resources */ = {isa = PBXBuildFile; fileRef = FBA094091E6980E700453078 /* click.gif */; };
		FBA094161E6980E700453078 /* gear.png in Resources */ = {isa = PBXBuildFile; fileRef = FBA0940A1E6980E700453078 /* gear.png */; };
		FBA094171E6980E700453078 /* gear@2x.png in Resources */ = {isa = PBXBuildFile; fileRef = FBA0940B1E6980E700453078 /* gear@2x.png */; };
		FBA094181E6980E700453078 /* globe.png in Resources */ = {isa = PBXBuildFile; fileRef = FBA0940C1E6980E700453078 /* globe.png */; };
		FBA094191E6980E700453078 /* globe@2x.png in Resources */ = {isa = PBXBuildFile; fileRef = FBA0940D1E6980E700453078 /* globe@2x.png */; };
		FBA0941A1E6980E700453078 /* profile.png in Resources */ = {isa = PBXBuildFile; fileRef = FBA0940E1E6980E700453078 /* profile.png */; };
		FBA0941B1E6980E700453078 /* profile@2x.png in Resources */ = {isa = PBXBuildFile; fileRef = FBA0940F1E6980E700453078 /* profile@2x.png */; };
		FBA0941C1E6980E700453078 /* star.png in Resources */ = {isa = PBXBuildFile; fileRef = FBA094101E6980E700453078 /* star.png */; };
		FBA0941D1E6980E700453078 /* star@2x.png in Resources */ = {isa = PBXBuildFile; fileRef = FBA094111E6980E700453078 /* star@2x.png */; };
		FBA094221E69838500453078 /* TabBarController.swift in Sources */ = {isa = PBXBuildFile; fileRef = FBA094211E69838500453078 /* TabBarController.swift */; };
		FBA0942B1E6983BB00453078 /* map.png in Resources */ = {isa = PBXBuildFile; fileRef = FBA094231E6983BB00453078 /* map.png */; };
		FBA0942C1E6983BB00453078 /* お金.png in Resources */ = {isa = PBXBuildFile; fileRef = FBA094241E6983BB00453078 /* お金.png */; };
		FBA0942D1E6983BB00453078 /* trip.png in Resources */ = {isa = PBXBuildFile; fileRef = FBA094251E6983BB00453078 /* trip.png */; };
		FBA0942E1E6983BB00453078 /* map2.png in Resources */ = {isa = PBXBuildFile; fileRef = FBA094261E6983BB00453078 /* map2.png */; };
		FBA0942F1E6983BB00453078 /* calendar2.png in Resources */ = {isa = PBXBuildFile; fileRef = FBA094271E6983BB00453078 /* calendar2.png */; };
		FBA094301E6983BB00453078 /* 入力枠.png in Resources */ = {isa = PBXBuildFile; fileRef = FBA094281E6983BB00453078 /* 入力枠.png */; };
		FBA094311E6983BB00453078 /* calendar.png in Resources */ = {isa = PBXBuildFile; fileRef = FBA094291E6983BB00453078 /* calendar.png */; };
		FBA094321E6983BB00453078 /* travel.jpg in Resources */ = {isa = PBXBuildFile; fileRef = FBA0942A1E6983BB00453078 /* travel.jpg */; };
		FBA094341E6983DC00453078 /* Main.storyboard in Resources */ = {isa = PBXBuildFile; fileRef = FBA094331E6983DC00453078 /* Main.storyboard */; };
		FBA094361E6983E300453078 /* GraphicViewController.swift in Sources */ = {isa = PBXBuildFile; fileRef = FBA094351E6983E300453078 /* GraphicViewController.swift */; };
		FBA094381E6983E800453078 /* graphic.swift in Sources */ = {isa = PBXBuildFile; fileRef = FBA094371E6983E800453078 /* graphic.swift */; };
		FBA0943A1E6983EE00453078 /* CaluclatarViewController.swift in Sources */ = {isa = PBXBuildFile; fileRef = FBA094391E6983EE00453078 /* CaluclatarViewController.swift */; };
		FBA0943C1E6983F400453078 /* ChoiceViewController.swift in Sources */ = {isa = PBXBuildFile; fileRef = FBA0943B1E6983F400453078 /* ChoiceViewController.swift */; };
		FBA094401E69840200453078 /* configTableViewController.swift in Sources */ = {isa = PBXBuildFile; fileRef = FBA0943F1E69840200453078 /* configTableViewController.swift */; };
		FBA094421E69840A00453078 /* calculationfare.swift in Sources */ = {isa = PBXBuildFile; fileRef = FBA094411E69840A00453078 /* calculationfare.swift */; };
		FBA094441E69842900453078 /* ConfigViewController.swift in Sources */ = {isa = PBXBuildFile; fileRef = FBA094431E69842900453078 /* ConfigViewController.swift */; };
		FBA094461E69843500453078 /* SearchViewController.swift in Sources */ = {isa = PBXBuildFile; fileRef = FBA094451E69843500453078 /* SearchViewController.swift */; };
		FBA094481E69843A00453078 /* APITableViewController.swift in Sources */ = {isa = PBXBuildFile; fileRef = FBA094471E69843A00453078 /* APITableViewController.swift */; };
		FBA0944A1E69844E00453078 /* TableViewCell.swift in Sources */ = {isa = PBXBuildFile; fileRef = FBA094491E69844E00453078 /* TableViewCell.swift */; };
		FBA0944C1E69845300453078 /* TableViewController.swift in Sources */ = {isa = PBXBuildFile; fileRef = FBA0944B1E69845300453078 /* TableViewController.swift */; };
		FBA0944E1E69845E00453078 /* ItemData.swift in Sources */ = {isa = PBXBuildFile; fileRef = FBA0944D1E69845E00453078 /* ItemData.swift */; };
		FBA094501E69846400453078 /* WebViewController.swift in Sources */ = {isa = PBXBuildFile; fileRef = FBA0944F1E69846400453078 /* WebViewController.swift */; };
		FBA094521E69846900453078 /* HotelWebViewController.swift in Sources */ = {isa = PBXBuildFile; fileRef = FBA094511E69846900453078 /* HotelWebViewController.swift */; };
		FBA094541E69846D00453078 /* config2.csv in Resources */ = {isa = PBXBuildFile; fileRef = FBA094531E69846D00453078 /* config2.csv */; };
		FBA094561E69847200453078 /* config.csv in Resources */ = {isa = PBXBuildFile; fileRef = FBA094551E69847200453078 /* config.csv */; };
		FBA0945D1E6990FC00453078 /* APIkey.swift in Sources */ = {isa = PBXBuildFile; fileRef = FBA0945C1E6990FC00453078 /* APIkey.swift */; };
		FBF556BD1E697A54000BDCFA /* AppDelegate.swift in Sources */ = {isa = PBXBuildFile; fileRef = FBF556BC1E697A54000BDCFA /* AppDelegate.swift */; };
		FBF556BF1E697A54000BDCFA /* ViewController.swift in Sources */ = {isa = PBXBuildFile; fileRef = FBF556BE1E697A54000BDCFA /* ViewController.swift */; };
		FBF556C51E697A55000BDCFA /* carshareprojectfinal.xcdatamodeld in Sources */ = {isa = PBXBuildFile; fileRef = FBF556C31E697A55000BDCFA /* carshareprojectfinal.xcdatamodeld */; };
		FBF556C71E697A55000BDCFA /* Assets.xcassets in Resources */ = {isa = PBXBuildFile; fileRef = FBF556C61E697A55000BDCFA /* Assets.xcassets */; };
		FBF556CA1E697A55000BDCFA /* LaunchScreen.storyboard in Resources */ = {isa = PBXBuildFile; fileRef = FBF556C81E697A55000BDCFA /* LaunchScreen.storyboard */; };
/* End PBXBuildFile section */

/* Begin PBXCopyFilesBuildPhase section */
		FBA094031E697D2600453078 /* Embed Frameworks */ = {
			isa = PBXCopyFilesBuildPhase;
			buildActionMask = 2147483647;
			dstPath = "";
			dstSubfolderSpec = 10;
			files = (
				FBA094021E697D2600453078 /* SwiftyJSON.framework in Embed Frameworks */,
				FBA094001E697D2600453078 /* Alamofire.framework in Embed Frameworks */,
			);
			name = "Embed Frameworks";
			runOnlyForDeploymentPostprocessing = 0;
		};
/* End PBXCopyFilesBuildPhase section */

/* Begin PBXFileReference section */
		2692CB9BA206FC081EB3E6E0 /* Pods-carshareprojectfinal.release.xcconfig */ = {isa = PBXFileReference; includeInIndex = 1; lastKnownFileType = text.xcconfig; name = "Pods-carshareprojectfinal.release.xcconfig"; path = "Pods/Target Support Files/Pods-carshareprojectfinal/Pods-carshareprojectfinal.release.xcconfig"; sourceTree = "<group>"; };
		6DBC4A5CBEAC38923D565949 /* Pods_carshareprojectfinal.framework */ = {isa = PBXFileReference; explicitFileType = wrapper.framework; includeInIndex = 0; path = Pods_carshareprojectfinal.framework; sourceTree = BUILT_PRODUCTS_DIR; };
		DBFE03A01343EE7F07DA66BC /* Pods-carshareprojectfinal.debug.xcconfig */ = {isa = PBXFileReference; includeInIndex = 1; lastKnownFileType = text.xcconfig; name = "Pods-carshareprojectfinal.debug.xcconfig"; path = "Pods/Target Support Files/Pods-carshareprojectfinal/Pods-carshareprojectfinal.debug.xcconfig"; sourceTree = "<group>"; };
		FB0E83F21E6AE51100C87024 /* doAPI.swift */ = {isa = PBXFileReference; fileEncoding = 4; lastKnownFileType = sourcecode.swift; path = doAPI.swift; sourceTree = "<group>"; };
		FB72EACA1E69C65A000B78B5 /* ChartViewController.swift */ = {isa = PBXFileReference; fileEncoding = 4; lastKnownFileType = sourcecode.swift; path = ChartViewController.swift; sourceTree = "<group>"; };
		FB72EACD1E69C6E1000B78B5 /* PNBar.swift */ = {isa = PBXFileReference; fileEncoding = 4; lastKnownFileType = sourcecode.swift; path = PNBar.swift; sourceTree = "<group>"; };
		FB72EACE1E69C6E1000B78B5 /* PNBarChart.swift */ = {isa = PBXFileReference; fileEncoding = 4; lastKnownFileType = sourcecode.swift; path = PNBarChart.swift; sourceTree = "<group>"; };
		FB72EACF1E69C6E1000B78B5 /* PNChartLabel.swift */ = {isa = PBXFileReference; fileEncoding = 4; lastKnownFileType = sourcecode.swift; path = PNChartLabel.swift; sourceTree = "<group>"; };
		FB72EAD01E69C6E1000B78B5 /* PNColor.swift */ = {isa = PBXFileReference; fileEncoding = 4; lastKnownFileType = sourcecode.swift; path = PNColor.swift; sourceTree = "<group>"; };
		FB72EAD11E69C6E1000B78B5 /* PNPieChartDataItem.swift */ = {isa = PBXFileReference; fileEncoding = 4; lastKnownFileType = sourcecode.swift; path = PNPieChartDataItem.swift; sourceTree = "<group>"; };
		FB72EAD21E69C6E1000B78B5 /* PNGenericChart.swift */ = {isa = PBXFileReference; fileEncoding = 4; lastKnownFileType = sourcecode.swift; path = PNGenericChart.swift; sourceTree = "<group>"; };
		FB72EAD31E69C6E1000B78B5 /* PNLineChart.swift */ = {isa = PBXFileReference; fileEncoding = 4; lastKnownFileType = sourcecode.swift; path = PNLineChart.swift; sourceTree = "<group>"; };
		FB72EAD41E69C6E1000B78B5 /* PNLineChartData.swift */ = {isa = PBXFileReference; fileEncoding = 4; lastKnownFileType = sourcecode.swift; path = PNLineChartData.swift; sourceTree = "<group>"; };
		FB72EAD51E69C6E1000B78B5 /* PNLineChartDataItem.swift */ = {isa = PBXFileReference; fileEncoding = 4; lastKnownFileType = sourcecode.swift; path = PNLineChartDataItem.swift; sourceTree = "<group>"; };
		FB72EAD61E69C6E1000B78B5 /* PNPieChart.swift */ = {isa = PBXFileReference; fileEncoding = 4; lastKnownFileType = sourcecode.swift; path = PNPieChart.swift; sourceTree = "<group>"; };
		FB72EAD71E69C6E1000B78B5 /* PNValue.swift */ = {isa = PBXFileReference; fileEncoding = 4; lastKnownFileType = sourcecode.swift; path = PNValue.swift; sourceTree = "<group>"; };
		FB72EAE31E6A5082000B78B5 /* ExampleTableViewController.swift */ = {isa = PBXFileReference; fileEncoding = 4; lastKnownFileType = sourcecode.swift; path = ExampleTableViewController.swift; sourceTree = "<group>"; };
		FB72EAE71E6A7FB2000B78B5 /* Button.swift */ = {isa = PBXFileReference; fileEncoding = 4; lastKnownFileType = sourcecode.swift; path = Button.swift; sourceTree = "<group>"; };
		FBA093FD1E697D2600453078 /* Alamofire.framework */ = {isa = PBXFileReference; lastKnownFileType = wrapper.framework; name = Alamofire.framework; path = Carthage/Build/iOS/Alamofire.framework; sourceTree = "<group>"; };
		FBA093FE1E697D2600453078 /* SwiftyJSON.framework */ = {isa = PBXFileReference; lastKnownFileType = wrapper.framework; name = SwiftyJSON.framework; path = Carthage/Build/iOS/SwiftyJSON.framework; sourceTree = "<group>"; };
		FBA094061E6980E700453078 /* Background.jpg */ = {isa = PBXFileReference; lastKnownFileType = image.jpeg; path = Background.jpg; sourceTree = "<group>"; };
		FBA094071E6980E700453078 /* burger.png */ = {isa = PBXFileReference; lastKnownFileType = image.png; path = burger.png; sourceTree = "<group>"; };
		FBA094081E6980E700453078 /* burger@2x.png */ = {isa = PBXFileReference; lastKnownFileType = image.png; path = "burger@2x.png"; sourceTree = "<group>"; };
		FBA094091E6980E700453078 /* click.gif */ = {isa = PBXFileReference; lastKnownFileType = image.gif; path = click.gif; sourceTree = "<group>"; };
		FBA0940A1E6980E700453078 /* gear.png */ = {isa = PBXFileReference; lastKnownFileType = image.png; path = gear.png; sourceTree = "<group>"; };
		FBA0940B1E6980E700453078 /* gear@2x.png */ = {isa = PBXFileReference; lastKnownFileType = image.png; path = "gear@2x.png"; sourceTree = "<group>"; };
		FBA0940C1E6980E700453078 /* globe.png */ = {isa = PBXFileReference; lastKnownFileType = image.png; path = globe.png; sourceTree = "<group>"; };
		FBA0940D1E6980E700453078 /* globe@2x.png */ = {isa = PBXFileReference; lastKnownFileType = image.png; path = "globe@2x.png"; sourceTree = "<group>"; };
		FBA0940E1E6980E700453078 /* profile.png */ = {isa = PBXFileReference; lastKnownFileType = image.png; path = profile.png; sourceTree = "<group>"; };
		FBA0940F1E6980E700453078 /* profile@2x.png */ = {isa = PBXFileReference; lastKnownFileType = image.png; path = "profile@2x.png"; sourceTree = "<group>"; };
		FBA094101E6980E700453078 /* star.png */ = {isa = PBXFileReference; lastKnownFileType = image.png; path = star.png; sourceTree = "<group>"; };
		FBA094111E6980E700453078 /* star@2x.png */ = {isa = PBXFileReference; lastKnownFileType = image.png; path = "star@2x.png"; sourceTree = "<group>"; };
		FBA094211E69838500453078 /* TabBarController.swift */ = {isa = PBXFileReference; fileEncoding = 4; lastKnownFileType = sourcecode.swift; path = TabBarController.swift; sourceTree = "<group>"; };
		FBA094231E6983BB00453078 /* map.png */ = {isa = PBXFileReference; lastKnownFileType = image.png; path = map.png; sourceTree = "<group>"; };
		FBA094241E6983BB00453078 /* お金.png */ = {isa = PBXFileReference; lastKnownFileType = image.png; path = "お金.png"; sourceTree = "<group>"; };
		FBA094251E6983BB00453078 /* trip.png */ = {isa = PBXFileReference; lastKnownFileType = image.png; path = trip.png; sourceTree = "<group>"; };
		FBA094261E6983BB00453078 /* map2.png */ = {isa = PBXFileReference; lastKnownFileType = image.png; path = map2.png; sourceTree = "<group>"; };
		FBA094271E6983BB00453078 /* calendar2.png */ = {isa = PBXFileReference; lastKnownFileType = image.png; path = calendar2.png; sourceTree = "<group>"; };
		FBA094281E6983BB00453078 /* 入力枠.png */ = {isa = PBXFileReference; lastKnownFileType = image.png; path = "入力枠.png"; sourceTree = "<group>"; };
		FBA094291E6983BB00453078 /* calendar.png */ = {isa = PBXFileReference; lastKnownFileType = image.png; path = calendar.png; sourceTree = "<group>"; };
		FBA0942A1E6983BB00453078 /* travel.jpg */ = {isa = PBXFileReference; lastKnownFileType = image.jpeg; path = travel.jpg; sourceTree = "<group>"; };
		FBA094331E6983DC00453078 /* Main.storyboard */ = {isa = PBXFileReference; fileEncoding = 4; lastKnownFileType = file.storyboard; path = Main.storyboard; sourceTree = "<group>"; };
		FBA094351E6983E300453078 /* GraphicViewController.swift */ = {isa = PBXFileReference; fileEncoding = 4; lastKnownFileType = sourcecode.swift; path = GraphicViewController.swift; sourceTree = "<group>"; };
		FBA094371E6983E800453078 /* graphic.swift */ = {isa = PBXFileReference; fileEncoding = 4; lastKnownFileType = sourcecode.swift; path = graphic.swift; sourceTree = "<group>"; };
		FBA094391E6983EE00453078 /* CaluclatarViewController.swift */ = {isa = PBXFileReference; fileEncoding = 4; lastKnownFileType = sourcecode.swift; path = CaluclatarViewController.swift; sourceTree = "<group>"; };
		FBA0943B1E6983F400453078 /* ChoiceViewController.swift */ = {isa = PBXFileReference; fileEncoding = 4; lastKnownFileType = sourcecode.swift; path = ChoiceViewController.swift; sourceTree = "<group>"; };
		FBA0943F1E69840200453078 /* configTableViewController.swift */ = {isa = PBXFileReference; fileEncoding = 4; lastKnownFileType = sourcecode.swift; path = configTableViewController.swift; sourceTree = "<group>"; };
		FBA094411E69840A00453078 /* calculationfare.swift */ = {isa = PBXFileReference; fileEncoding = 4; lastKnownFileType = sourcecode.swift; path = calculationfare.swift; sourceTree = "<group>"; };
		FBA094431E69842900453078 /* ConfigViewController.swift */ = {isa = PBXFileReference; fileEncoding = 4; lastKnownFileType = sourcecode.swift; path = ConfigViewController.swift; sourceTree = "<group>"; };
		FBA094451E69843500453078 /* SearchViewController.swift */ = {isa = PBXFileReference; fileEncoding = 4; lastKnownFileType = sourcecode.swift; path = SearchViewController.swift; sourceTree = "<group>"; };
		FBA094471E69843A00453078 /* APITableViewController.swift */ = {isa = PBXFileReference; fileEncoding = 4; lastKnownFileType = sourcecode.swift; path = APITableViewController.swift; sourceTree = "<group>"; };
		FBA094491E69844E00453078 /* TableViewCell.swift */ = {isa = PBXFileReference; fileEncoding = 4; lastKnownFileType = sourcecode.swift; path = TableViewCell.swift; sourceTree = "<group>"; };
		FBA0944B1E69845300453078 /* TableViewController.swift */ = {isa = PBXFileReference; fileEncoding = 4; lastKnownFileType = sourcecode.swift; path = TableViewController.swift; sourceTree = "<group>"; };
		FBA0944D1E69845E00453078 /* ItemData.swift */ = {isa = PBXFileReference; fileEncoding = 4; lastKnownFileType = sourcecode.swift; path = ItemData.swift; sourceTree = "<group>"; };
		FBA0944F1E69846400453078 /* WebViewController.swift */ = {isa = PBXFileReference; fileEncoding = 4; lastKnownFileType = sourcecode.swift; path = WebViewController.swift; sourceTree = "<group>"; };
		FBA094511E69846900453078 /* HotelWebViewController.swift */ = {isa = PBXFileReference; fileEncoding = 4; lastKnownFileType = sourcecode.swift; path = HotelWebViewController.swift; sourceTree = "<group>"; };
		FBA094531E69846D00453078 /* config2.csv */ = {isa = PBXFileReference; fileEncoding = 4; lastKnownFileType = text; path = config2.csv; sourceTree = "<group>"; };
		FBA094551E69847200453078 /* config.csv */ = {isa = PBXFileReference; fileEncoding = 4; lastKnownFileType = text; path = config.csv; sourceTree = "<group>"; };
		FBA0945C1E6990FC00453078 /* APIkey.swift */ = {isa = PBXFileReference; fileEncoding = 4; lastKnownFileType = sourcecode.swift; path = APIkey.swift; sourceTree = "<group>"; };
		FBF556B91E697A54000BDCFA /* carshareprojectfinal.app */ = {isa = PBXFileReference; explicitFileType = wrapper.application; includeInIndex = 0; path = carshareprojectfinal.app; sourceTree = BUILT_PRODUCTS_DIR; };
		FBF556BC1E697A54000BDCFA /* AppDelegate.swift */ = {isa = PBXFileReference; lastKnownFileType = sourcecode.swift; path = AppDelegate.swift; sourceTree = "<group>"; };
		FBF556BE1E697A54000BDCFA /* ViewController.swift */ = {isa = PBXFileReference; lastKnownFileType = sourcecode.swift; path = ViewController.swift; sourceTree = "<group>"; };
		FBF556C41E697A55000BDCFA /* carshareprojectfinal.xcdatamodel */ = {isa = PBXFileReference; lastKnownFileType = wrapper.xcdatamodel; path = carshareprojectfinal.xcdatamodel; sourceTree = "<group>"; };
		FBF556C61E697A55000BDCFA /* Assets.xcassets */ = {isa = PBXFileReference; lastKnownFileType = folder.assetcatalog; path = Assets.xcassets; sourceTree = "<group>"; };
		FBF556C91E697A55000BDCFA /* Base */ = {isa = PBXFileReference; lastKnownFileType = file.storyboard; name = Base; path = Base.lproj/LaunchScreen.storyboard; sourceTree = "<group>"; };
		FBF556CB1E697A55000BDCFA /* Info.plist */ = {isa = PBXFileReference; lastKnownFileType = text.plist.xml; path = Info.plist; sourceTree = "<group>"; };
/* End PBXFileReference section */

/* Begin PBXFrameworksBuildPhase section */
		FBF556B61E697A54000BDCFA /* Frameworks */ = {
			isa = PBXFrameworksBuildPhase;
			buildActionMask = 2147483647;
			files = (
				FBA094011E697D2600453078 /* SwiftyJSON.framework in Frameworks */,
				FBA093FF1E697D2600453078 /* Alamofire.framework in Frameworks */,
				0338382839BB08F967D980E2 /* Pods_carshareprojectfinal.framework in Frameworks */,
			);
			runOnlyForDeploymentPostprocessing = 0;
		};
/* End PBXFrameworksBuildPhase section */

/* Begin PBXGroup section */
		676B9187F84FAAA99579E600 /* Frameworks */ = {
			isa = PBXGroup;
			children = (
				6DBC4A5CBEAC38923D565949 /* Pods_carshareprojectfinal.framework */,
			);
			name = Frameworks;
			sourceTree = "<group>";
		};
		73CC20C18BF02F3CBFBBAE22 /* Pods */ = {
			isa = PBXGroup;
			children = (
				DBFE03A01343EE7F07DA66BC /* Pods-carshareprojectfinal.debug.xcconfig */,
				2692CB9BA206FC081EB3E6E0 /* Pods-carshareprojectfinal.release.xcconfig */,
			);
			name = Pods;
			sourceTree = "<group>";
		};
		FB72EACC1E69C6BA000B78B5 /* Chart */ = {
			isa = PBXGroup;
			children = (
				FB72EACA1E69C65A000B78B5 /* ChartViewController.swift */,
				FB72EACD1E69C6E1000B78B5 /* PNBar.swift */,
				FB72EACE1E69C6E1000B78B5 /* PNBarChart.swift */,
				FB72EACF1E69C6E1000B78B5 /* PNChartLabel.swift */,
				FB72EAD01E69C6E1000B78B5 /* PNColor.swift */,
				FB72EAD11E69C6E1000B78B5 /* PNPieChartDataItem.swift */,
				FB72EAD21E69C6E1000B78B5 /* PNGenericChart.swift */,
				FB72EAD31E69C6E1000B78B5 /* PNLineChart.swift */,
				FB72EAD41E69C6E1000B78B5 /* PNLineChartData.swift */,
				FB72EAD51E69C6E1000B78B5 /* PNLineChartDataItem.swift */,
				FB72EAD61E69C6E1000B78B5 /* PNPieChart.swift */,
				FB72EAD71E69C6E1000B78B5 /* PNValue.swift */,
			);
			name = Chart;
			sourceTree = "<group>";
		};
		FBA094201E6982BB00453078 /* picture */ = {
			isa = PBXGroup;
			children = (
			);
			name = picture;
			sourceTree = "<group>";
		};
		FBA094571E698DD100453078 /* carsharecalculation */ = {
			isa = PBXGroup;
			children = (
				FBA094391E6983EE00453078 /* CaluclatarViewController.swift */,
				FBA094371E6983E800453078 /* graphic.swift */,
				FBA094411E69840A00453078 /* calculationfare.swift */,
				FBA094351E6983E300453078 /* GraphicViewController.swift */,
			);
			name = carsharecalculation;
			sourceTree = "<group>";
		};
		FBA094581E698EAB00453078 /* baseview */ = {
			isa = PBXGroup;
			children = (
				FBF556BE1E697A54000BDCFA /* ViewController.swift */,
				FBA094211E69838500453078 /* TabBarController.swift */,
			);
			name = baseview;
			sourceTree = "<group>";
		};
		FBA094591E698EE900453078 /* config */ = {
			isa = PBXGroup;
			children = (
				FBA094431E69842900453078 /* ConfigViewController.swift */,
				FBA0943F1E69840200453078 /* configTableViewController.swift */,
				FBA094531E69846D00453078 /* config2.csv */,
				FBA094551E69847200453078 /* config.csv */,
			);
			name = config;
			sourceTree = "<group>";
		};
		FBA0945A1E698F0000453078 /* hotelsearch */ = {
			isa = PBXGroup;
			children = (
				FBA0943B1E6983F400453078 /* ChoiceViewController.swift */,
				FBA094511E69846900453078 /* HotelWebViewController.swift */,
				FB0E83F21E6AE51100C87024 /* doAPI.swift */,
				FBA0944D1E69845E00453078 /* ItemData.swift */,
				FBA0944B1E69845300453078 /* TableViewController.swift */,
				FBA094451E69843500453078 /* SearchViewController.swift */,
				FBA094471E69843A00453078 /* APITableViewController.swift */,
				FBA094491E69844E00453078 /* TableViewCell.swift */,
			);
			name = hotelsearch;
			sourceTree = "<group>";
		};
		FBA0945B1E698F3300453078 /* webview */ = {
			isa = PBXGroup;
			children = (
				FBA0944F1E69846400453078 /* WebViewController.swift */,
			);
			name = webview;
			sourceTree = "<group>";
		};
		FBF556B01E697A54000BDCFA = {
			isa = PBXGroup;
			children = (
				FBA093FD1E697D2600453078 /* Alamofire.framework */,
				FBA093FE1E697D2600453078 /* SwiftyJSON.framework */,
				FBF556BB1E697A54000BDCFA /* carshareprojectfinal */,
				FBF556BA1E697A54000BDCFA /* Products */,
				73CC20C18BF02F3CBFBBAE22 /* Pods */,
				676B9187F84FAAA99579E600 /* Frameworks */,
			);
			sourceTree = "<group>";
		};
		FBF556BA1E697A54000BDCFA /* Products */ = {
			isa = PBXGroup;
			children = (
				FBF556B91E697A54000BDCFA /* carshareprojectfinal.app */,
			);
			name = Products;
			sourceTree = "<group>";
		};
		FBF556BB1E697A54000BDCFA /* carshareprojectfinal */ = {
			isa = PBXGroup;
			children = (
				FBF556BC1E697A54000BDCFA /* AppDelegate.swift */,
				FB72EAE71E6A7FB2000B78B5 /* Button.swift */,
				FB72EAE31E6A5082000B78B5 /* ExampleTableViewController.swift */,
				FB72EACC1E69C6BA000B78B5 /* Chart */,
				FBA094571E698DD100453078 /* carsharecalculation */,
				FBA094581E698EAB00453078 /* baseview */,
				FBA094331E6983DC00453078 /* Main.storyboard */,
				FBA0945A1E698F0000453078 /* hotelsearch */,
				FBA0945B1E698F3300453078 /* webview */,
				FBF556C61E697A55000BDCFA /* Assets.xcassets */,
				FBA0945C1E6990FC00453078 /* APIkey.swift */,
				FBA094591E698EE900453078 /* config */,
				FBF556C81E697A55000BDCFA /* LaunchScreen.storyboard */,
				FBF556CB1E697A55000BDCFA /* Info.plist */,
				FBA094201E6982BB00453078 /* picture */,
				FBA0940B1E6980E700453078 /* gear@2x.png */,
				FBA094071E6980E700453078 /* burger.png */,
				FBA094091E6980E700453078 /* click.gif */,
				FBA094231E6983BB00453078 /* map.png */,
				FBA094241E6983BB00453078 /* お金.png */,
				FBA094251E6983BB00453078 /* trip.png */,
				FBA094261E6983BB00453078 /* map2.png */,
				FBA094271E6983BB00453078 /* calendar2.png */,
				FBA094281E6983BB00453078 /* 入力枠.png */,
				FBA094291E6983BB00453078 /* calendar.png */,
				FBA0942A1E6983BB00453078 /* travel.jpg */,
				FBA094081E6980E700453078 /* burger@2x.png */,
				FBA094061E6980E700453078 /* Background.jpg */,
				FBA0940C1E6980E700453078 /* globe.png */,
				FBA0940A1E6980E700453078 /* gear.png */,
				FBA0940D1E6980E700453078 /* globe@2x.png */,
				FBA0940E1E6980E700453078 /* profile.png */,
				FBA0940F1E6980E700453078 /* profile@2x.png */,
				FBA094101E6980E700453078 /* star.png */,
				FBA094111E6980E700453078 /* star@2x.png */,
				FBF556C31E697A55000BDCFA /* carshareprojectfinal.xcdatamodeld */,
			);
			path = carshareprojectfinal;
			sourceTree = "<group>";
		};
/* End PBXGroup section */

/* Begin PBXNativeTarget section */
		FBF556B81E697A54000BDCFA /* carshareprojectfinal */ = {
			isa = PBXNativeTarget;
			buildConfigurationList = FBF556CE1E697A55000BDCFA /* Build configuration list for PBXNativeTarget "carshareprojectfinal" */;
			buildPhases = (
				390929D8B0C844DDB0AC9136 /* [CP] Check Pods Manifest.lock */,
				FBF556B51E697A54000BDCFA /* Sources */,
				FBF556B61E697A54000BDCFA /* Frameworks */,
				FBF556B71E697A54000BDCFA /* Resources */,
				FBA093FC1E697BE600453078 /* ShellScript */,
				FBA094031E697D2600453078 /* Embed Frameworks */,
				4BF737E4B07BCE3E6DBED005 /* [CP] Embed Pods Frameworks */,
				DA7A3663EC7510D3F47FCBDE /* [CP] Copy Pods Resources */,
			);
			buildRules = (
			);
			dependencies = (
			);
			name = carshareprojectfinal;
			productName = carshareprojectfinal;
			productReference = FBF556B91E697A54000BDCFA /* carshareprojectfinal.app */;
			productType = "com.apple.product-type.application";
		};
/* End PBXNativeTarget section */

/* Begin PBXProject section */
		FBF556B11E697A54000BDCFA /* Project object */ = {
			isa = PBXProject;
			attributes = {
				LastSwiftUpdateCheck = 0820;
				LastUpgradeCheck = 0820;
				ORGANIZATIONNAME = "井上正裕";
				TargetAttributes = {
					FBF556B81E697A54000BDCFA = {
						CreatedOnToolsVersion = 8.2.1;
						DevelopmentTeam = 284D57RC3B;
						ProvisioningStyle = Automatic;
					};
				};
			};
			buildConfigurationList = FBF556B41E697A54000BDCFA /* Build configuration list for PBXProject "carshareprojectfinal" */;
			compatibilityVersion = "Xcode 3.2";
			developmentRegion = English;
			hasScannedForEncodings = 0;
			knownRegions = (
				en,
				Base,
			);
			mainGroup = FBF556B01E697A54000BDCFA;
			productRefGroup = FBF556BA1E697A54000BDCFA /* Products */;
			projectDirPath = "";
			projectRoot = "";
			targets = (
				FBF556B81E697A54000BDCFA /* carshareprojectfinal */,
			);
		};
/* End PBXProject section */

/* Begin PBXResourcesBuildPhase section */
		FBF556B71E697A54000BDCFA /* Resources */ = {
			isa = PBXResourcesBuildPhase;
			buildActionMask = 2147483647;
			files = (
				FBA094191E6980E700453078 /* globe@2x.png in Resources */,
				FBA094321E6983BB00453078 /* travel.jpg in Resources */,
				FBF556CA1E697A55000BDCFA /* LaunchScreen.storyboard in Resources */,
				FBA0942D1E6983BB00453078 /* trip.png in Resources */,
				FBA094141E6980E700453078 /* burger@2x.png in Resources */,
				FBA094541E69846D00453078 /* config2.csv in Resources */,
				FBA0941B1E6980E700453078 /* profile@2x.png in Resources */,
				FBA094161E6980E700453078 /* gear.png in Resources */,
				FBA094131E6980E700453078 /* burger.png in Resources */,
				FBA094561E69847200453078 /* config.csv in Resources */,
				FBA0941D1E6980E700453078 /* star@2x.png in Resources */,
				FBA0942F1E6983BB00453078 /* calendar2.png in Resources */,
				FBA094171E6980E700453078 /* gear@2x.png in Resources */,
				FBA0942B1E6983BB00453078 /* map.png in Resources */,
				FBA094341E6983DC00453078 /* Main.storyboard in Resources */,
				FBA094181E6980E700453078 /* globe.png in Resources */,
				FBA0941A1E6980E700453078 /* profile.png in Resources */,
				FBA0942E1E6983BB00453078 /* map2.png in Resources */,
				FBA094121E6980E700453078 /* Background.jpg in Resources */,
				FBA094301E6983BB00453078 /* 入力枠.png in Resources */,
				FBF556C71E697A55000BDCFA /* Assets.xcassets in Resources */,
				FBA0941C1E6980E700453078 /* star.png in Resources */,
				FBA094151E6980E700453078 /* click.gif in Resources */,
				FBA0942C1E6983BB00453078 /* お金.png in Resources */,
				FBA094311E6983BB00453078 /* calendar.png in Resources */,
			);
			runOnlyForDeploymentPostprocessing = 0;
		};
/* End PBXResourcesBuildPhase section */

/* Begin PBXShellScriptBuildPhase section */
		390929D8B0C844DDB0AC9136 /* [CP] Check Pods Manifest.lock */ = {
			isa = PBXShellScriptBuildPhase;
			buildActionMask = 2147483647;
			files = (
			);
			inputPaths = (
			);
			name = "[CP] Check Pods Manifest.lock";
			outputPaths = (
			);
			runOnlyForDeploymentPostprocessing = 0;
			shellPath = /bin/sh;
			shellScript = "diff \"${PODS_ROOT}/../Podfile.lock\" \"${PODS_ROOT}/Manifest.lock\" > /dev/null\nif [ $? != 0 ] ; then\n    # print error to STDERR\n    echo \"error: The sandbox is not in sync with the Podfile.lock. Run 'pod install' or update your CocoaPods installation.\" >&2\n    exit 1\nfi\n";
			showEnvVarsInLog = 0;
		};
		4BF737E4B07BCE3E6DBED005 /* [CP] Embed Pods Frameworks */ = {
			isa = PBXShellScriptBuildPhase;
			buildActionMask = 2147483647;
			files = (
			);
			inputPaths = (
			);
			name = "[CP] Embed Pods Frameworks";
			outputPaths = (
			);
			runOnlyForDeploymentPostprocessing = 0;
			shellPath = /bin/sh;
			shellScript = "\"${SRCROOT}/Pods/Target Support Files/Pods-carshareprojectfinal/Pods-carshareprojectfinal-frameworks.sh\"\n";
			showEnvVarsInLog = 0;
		};
		DA7A3663EC7510D3F47FCBDE /* [CP] Copy Pods Resources */ = {
			isa = PBXShellScriptBuildPhase;
			buildActionMask = 2147483647;
			files = (
			);
			inputPaths = (
			);
			name = "[CP] Copy Pods Resources";
			outputPaths = (
			);
			runOnlyForDeploymentPostprocessing = 0;
			shellPath = /bin/sh;
			shellScript = "\"${SRCROOT}/Pods/Target Support Files/Pods-carshareprojectfinal/Pods-carshareprojectfinal-resources.sh\"\n";
			showEnvVarsInLog = 0;
		};
		FBA093FC1E697BE600453078 /* ShellScript */ = {
			isa = PBXShellScriptBuildPhase;
			buildActionMask = 8;
			files = (
			);
			inputPaths = (
				"$(SRCROOT)/Carthage/Build/iOS/Alamofire.framework ",
				"$(SRCROOT)/Carthage/Build/iOS/SwiftyJSON.framework",
			);
			outputPaths = (
			);
			runOnlyForDeploymentPostprocessing = 1;
			shellPath = /bin/sh;
			shellScript = "/usr/local/bin/carthage copy-frameworks";
		};
/* End PBXShellScriptBuildPhase section */

/* Begin PBXSourcesBuildPhase section */
		FBF556B51E697A54000BDCFA /* Sources */ = {
			isa = PBXSourcesBuildPhase;
			buildActionMask = 2147483647;
			files = (
				FBA0944A1E69844E00453078 /* TableViewCell.swift in Sources */,
				FBA094501E69846400453078 /* WebViewController.swift in Sources */,
				FB72EADF1E69C6E1000B78B5 /* PNLineChartData.swift in Sources */,
				FB72EAD91E69C6E1000B78B5 /* PNBarChart.swift in Sources */,
				FBF556BF1E697A54000BDCFA /* ViewController.swift in Sources */,
				FBA094401E69840200453078 /* configTableViewController.swift in Sources */,
				FB72EADB1E69C6E1000B78B5 /* PNColor.swift in Sources */,
				FB72EAE21E69C6E1000B78B5 /* PNValue.swift in Sources */,
				FBA094441E69842900453078 /* ConfigViewController.swift in Sources */,
				FBA094221E69838500453078 /* TabBarController.swift in Sources */,
				FB72EAE81E6A7FB2000B78B5 /* Button.swift in Sources */,
				FB72EAD81E69C6E1000B78B5 /* PNBar.swift in Sources */,
				FBA094481E69843A00453078 /* APITableViewController.swift in Sources */,
				FBA094381E6983E800453078 /* graphic.swift in Sources */,
				FBA094361E6983E300453078 /* GraphicViewController.swift in Sources */,
				FB72EACB1E69C65A000B78B5 /* ChartViewController.swift in Sources */,
				FB72EAE01E69C6E1000B78B5 /* PNLineChartDataItem.swift in Sources */,
				FBA094521E69846900453078 /* HotelWebViewController.swift in Sources */,
				FB72EADC1E69C6E1000B78B5 /* PNPieChartDataItem.swift in Sources */,
				FBA0945D1E6990FC00453078 /* APIkey.swift in Sources */,
				FBA094421E69840A00453078 /* calculationfare.swift in Sources */,
				FB72EAE11E69C6E1000B78B5 /* PNPieChart.swift in Sources */,
				FBA094461E69843500453078 /* SearchViewController.swift in Sources */,
				FB0E83F31E6AE51200C87024 /* doAPI.swift in Sources */,
				FB72EADE1E69C6E1000B78B5 /* PNLineChart.swift in Sources */,
				FB72EADD1E69C6E1000B78B5 /* PNGenericChart.swift in Sources */,
				FBA0944C1E69845300453078 /* TableViewController.swift in Sources */,
				FBF556BD1E697A54000BDCFA /* AppDelegate.swift in Sources */,
				FBF556C51E697A55000BDCFA /* carshareprojectfinal.xcdatamodeld in Sources */,
				FBA0944E1E69845E00453078 /* ItemData.swift in Sources */,
				FB72EAE41E6A5082000B78B5 /* ExampleTableViewController.swift in Sources */,
				FBA0943A1E6983EE00453078 /* CaluclatarViewController.swift in Sources */,
				FBA0943C1E6983F400453078 /* ChoiceViewController.swift in Sources */,
				FB72EADA1E69C6E1000B78B5 /* PNChartLabel.swift in Sources */,
			);
			runOnlyForDeploymentPostprocessing = 0;
		};
/* End PBXSourcesBuildPhase section */

/* Begin PBXVariantGroup section */
		FBF556C81E697A55000BDCFA /* LaunchScreen.storyboard */ = {
			isa = PBXVariantGroup;
			children = (
				FBF556C91E697A55000BDCFA /* Base */,
			);
			name = LaunchScreen.storyboard;
			sourceTree = "<group>";
		};
/* End PBXVariantGroup section */

/* Begin XCBuildConfiguration section */
		FBF556CC1E697A55000BDCFA /* Debug */ = {
			isa = XCBuildConfiguration;
			buildSettings = {
				ALWAYS_SEARCH_USER_PATHS = NO;
				CLANG_ANALYZER_NONNULL = YES;
				CLANG_CXX_LANGUAGE_STANDARD = "gnu++0x";
				CLANG_CXX_LIBRARY = "libc++";
				CLANG_ENABLE_MODULES = YES;
				CLANG_ENABLE_OBJC_ARC = YES;
				CLANG_WARN_BOOL_CONVERSION = YES;
				CLANG_WARN_CONSTANT_CONVERSION = YES;
				CLANG_WARN_DIRECT_OBJC_ISA_USAGE = YES_ERROR;
				CLANG_WARN_DOCUMENTATION_COMMENTS = YES;
				CLANG_WARN_EMPTY_BODY = YES;
				CLANG_WARN_ENUM_CONVERSION = YES;
				CLANG_WARN_INFINITE_RECURSION = YES;
				CLANG_WARN_INT_CONVERSION = YES;
				CLANG_WARN_OBJC_ROOT_CLASS = YES_ERROR;
				CLANG_WARN_SUSPICIOUS_MOVE = YES;
				CLANG_WARN_UNREACHABLE_CODE = YES;
				CLANG_WARN__DUPLICATE_METHOD_MATCH = YES;
				"CODE_SIGN_IDENTITY[sdk=iphoneos*]" = "iPhone Developer";
				COPY_PHASE_STRIP = NO;
				DEBUG_INFORMATION_FORMAT = dwarf;
				ENABLE_STRICT_OBJC_MSGSEND = YES;
				ENABLE_TESTABILITY = YES;
				GCC_C_LANGUAGE_STANDARD = gnu99;
				GCC_DYNAMIC_NO_PIC = NO;
				GCC_NO_COMMON_BLOCKS = YES;
				GCC_OPTIMIZATION_LEVEL = 0;
				GCC_PREPROCESSOR_DEFINITIONS = (
					"DEBUG=1",
					"$(inherited)",
				);
				GCC_WARN_64_TO_32_BIT_CONVERSION = YES;
				GCC_WARN_ABOUT_RETURN_TYPE = YES_ERROR;
				GCC_WARN_UNDECLARED_SELECTOR = YES;
				GCC_WARN_UNINITIALIZED_AUTOS = YES_AGGRESSIVE;
				GCC_WARN_UNUSED_FUNCTION = YES;
				GCC_WARN_UNUSED_VARIABLE = YES;
				IPHONEOS_DEPLOYMENT_TARGET = 10.2;
				MTL_ENABLE_DEBUG_INFO = YES;
				ONLY_ACTIVE_ARCH = YES;
				SDKROOT = iphoneos;
				SWIFT_ACTIVE_COMPILATION_CONDITIONS = DEBUG;
				SWIFT_OPTIMIZATION_LEVEL = "-Onone";
			};
			name = Debug;
		};
		FBF556CD1E697A55000BDCFA /* Release */ = {
			isa = XCBuildConfiguration;
			buildSettings = {
				ALWAYS_SEARCH_USER_PATHS = NO;
				CLANG_ANALYZER_NONNULL = YES;
				CLANG_CXX_LANGUAGE_STANDARD = "gnu++0x";
				CLANG_CXX_LIBRARY = "libc++";
				CLANG_ENABLE_MODULES = YES;
				CLANG_ENABLE_OBJC_ARC = YES;
				CLANG_WARN_BOOL_CONVERSION = YES;
				CLANG_WARN_CONSTANT_CONVERSION = YES;
				CLANG_WARN_DIRECT_OBJC_ISA_USAGE = YES_ERROR;
				CLANG_WARN_DOCUMENTATION_COMMENTS = YES;
				CLANG_WARN_EMPTY_BODY = YES;
				CLANG_WARN_ENUM_CONVERSION = YES;
				CLANG_WARN_INFINITE_RECURSION = YES;
				CLANG_WARN_INT_CONVERSION = YES;
				CLANG_WARN_OBJC_ROOT_CLASS = YES_ERROR;
				CLANG_WARN_SUSPICIOUS_MOVE = YES;
				CLANG_WARN_UNREACHABLE_CODE = YES;
				CLANG_WARN__DUPLICATE_METHOD_MATCH = YES;
				"CODE_SIGN_IDENTITY[sdk=iphoneos*]" = "iPhone Developer";
				COPY_PHASE_STRIP = NO;
				DEBUG_INFORMATION_FORMAT = "dwarf-with-dsym";
				ENABLE_NS_ASSERTIONS = NO;
				ENABLE_STRICT_OBJC_MSGSEND = YES;
				GCC_C_LANGUAGE_STANDARD = gnu99;
				GCC_NO_COMMON_BLOCKS = YES;
				GCC_WARN_64_TO_32_BIT_CONVERSION = YES;
				GCC_WARN_ABOUT_RETURN_TYPE = YES_ERROR;
				GCC_WARN_UNDECLARED_SELECTOR = YES;
				GCC_WARN_UNINITIALIZED_AUTOS = YES_AGGRESSIVE;
				GCC_WARN_UNUSED_FUNCTION = YES;
				GCC_WARN_UNUSED_VARIABLE = YES;
				IPHONEOS_DEPLOYMENT_TARGET = 10.2;
				MTL_ENABLE_DEBUG_INFO = NO;
				SDKROOT = iphoneos;
				SWIFT_OPTIMIZATION_LEVEL = "-Owholemodule";
				VALIDATE_PRODUCT = YES;
			};
			name = Release;
		};
		FBF556CF1E697A55000BDCFA /* Debug */ = {
			isa = XCBuildConfiguration;
			baseConfigurationReference = DBFE03A01343EE7F07DA66BC /* Pods-carshareprojectfinal.debug.xcconfig */;
			buildSettings = {
				ASSETCATALOG_COMPILER_APPICON_NAME = AppIcon;
				DEVELOPMENT_TEAM = 284D57RC3B;
				FRAMEWORK_SEARCH_PATHS = (
					"$(inherited)",
					"$(PROJECT_DIR)/Carthage/Build/iOS",
				);
				INFOPLIST_FILE = carshareprojectfinal/Info.plist;
				LD_RUNPATH_SEARCH_PATHS = "$(inherited) @executable_path/Frameworks";
				PRODUCT_BUNDLE_IDENTIFIER = masacom.company.carshareprojectfinal;
				PRODUCT_NAME = "$(TARGET_NAME)";
				SWIFT_VERSION = 3.0;
			};
			name = Debug;
		};
		FBF556D01E697A55000BDCFA /* Release */ = {
			isa = XCBuildConfiguration;
			baseConfigurationReference = 2692CB9BA206FC081EB3E6E0 /* Pods-carshareprojectfinal.release.xcconfig */;
			buildSettings = {
				ASSETCATALOG_COMPILER_APPICON_NAME = AppIcon;
				DEVELOPMENT_TEAM = 284D57RC3B;
				FRAMEWORK_SEARCH_PATHS = (
					"$(inherited)",
					"$(PROJECT_DIR)/Carthage/Build/iOS",
				);
				INFOPLIST_FILE = carshareprojectfinal/Info.plist;
				LD_RUNPATH_SEARCH_PATHS = "$(inherited) @executable_path/Frameworks";
				PRODUCT_BUNDLE_IDENTIFIER = masacom.company.carshareprojectfinal;
				PRODUCT_NAME = "$(TARGET_NAME)";
				SWIFT_VERSION = 3.0;
			};
			name = Release;
		};
/* End XCBuildConfiguration section */

/* Begin XCConfigurationList section */
		FBF556B41E697A54000BDCFA /* Build configuration list for PBXProject "carshareprojectfinal" */ = {
			isa = XCConfigurationList;
			buildConfigurations = (
				FBF556CC1E697A55000BDCFA /* Debug */,
				FBF556CD1E697A55000BDCFA /* Release */,
			);
			defaultConfigurationIsVisible = 0;
			defaultConfigurationName = Release;
		};
		FBF556CE1E697A55000BDCFA /* Build configuration list for PBXNativeTarget "carshareprojectfinal" */ = {
			isa = XCConfigurationList;
			buildConfigurations = (
				FBF556CF1E697A55000BDCFA /* Debug */,
				FBF556D01E697A55000BDCFA /* Release */,
			);
			defaultConfigurationIsVisible = 0;
			defaultConfigurationName = Release;
		};
/* End XCConfigurationList section */

/* Begin XCVersionGroup section */
		FBF556C31E697A55000BDCFA /* carshareprojectfinal.xcdatamodeld */ = {
			isa = XCVersionGroup;
			children = (
				FBF556C41E697A55000BDCFA /* carshareprojectfinal.xcdatamodel */,
			);
			currentVersion = FBF556C41E697A55000BDCFA /* carshareprojectfinal.xcdatamodel */;
			path = carshareprojectfinal.xcdatamodeld;
			sourceTree = "<group>";
			versionGroupType = wrapper.xcdatamodel;
		};
/* End XCVersionGroup section */
	};
	rootObject = FBF556B11E697A54000BDCFA /* Project object */;
}
